
Microsoft Visual Studio Solution File, Format Version 12.00
# Visual Studio Version 16
VisualStudioVersion = 16.0.29201.188
MinimumVisualStudioVersion = 10.0.40219.1
Project("{FAE04EC0-301F-11D3-BF4B-00C04F79EFBC}") = "Sistema_facturacion_2019_2", "Sistema_facturacion_2019_2\Sistema_facturacion_2019_2.csproj", "{A24D8EB6-24DC-400F-85B5-35E78ADC1784}"
EndProject
Global
	GlobalSection(SolutionConfigurationPlatforms) = preSolution
		Debug|Any CPU = Debug|Any CPU
		Release|Any CPU = Release|Any CPU
	EndGlobalSection
	GlobalSection(ProjectConfigurationPlatforms) = postSolution
		{A24D8EB6-24DC-400F-85B5-35E78ADC1784}.Debug|Any CPU.ActiveCfg = Debug|Any CPU
		{A24D8EB6-24DC-400F-85B5-35E78ADC1784}.Debug|Any CPU.Build.0 = Debug|Any CPU
		{A24D8EB6-24DC-400F-85B5-35E78ADC1784}.Release|Any CPU.ActiveCfg = Release|Any CPU
		{A24D8EB6-24DC-400F-85B5-35E78ADC1784}.Release|Any CPU.Build.0 = Release|Any CPU
	EndGlobalSection
	GlobalSection(SolutionProperties) = preSolution
		HideSolutionNode = FALSE
	EndGlobalSection
	GlobalSection(ExtensibilityGlobals) = postSolution
		SolutionGuid = {407E57B7-8BC5-4F8D-9E0A-6DB25CEE99E9}
	EndGlobalSection
EndGlobal
